{
  "name": "gametest-maths",
  "version": "1.0.0",
  "lockfileVersion": 2,
  "requires": true,
  "packages": {
    "": {
      "name": "gametest-maths",
      "version": "1.0.0",
      "license": "MIT",
      "dependencies": {
        "@types/mojang-minecraft": "^0.1.2"
      },
      "devDependencies": {
        "typescript": "^4.5.3"
      }
    },
    "node_modules/@types/mojang-minecraft": {
      "version": "0.1.2",
      "resolved": "https://registry.npmjs.org/@types/mojang-minecraft/-/mojang-minecraft-0.1.2.tgz",
      "integrity": "sha512-zY9mojpYSV/+OHdenMwO6doIOMj2YAh5lBPSmOVNuF4AcEKFt0Ncv/KSJ5G3HNXARmZ2uJIzy/MLaB8WnjcxhQ=="
    },
    "node_modules/typescript": {
      "version": "4.5.3",
      "resolved": "https://registry.npmjs.org/typescript/-/typescript-4.5.3.tgz",
      "integrity": "sha512-eVYaEHALSt+s9LbvgEv4Ef+Tdq7hBiIZgii12xXJnukryt3pMgJf6aKhoCZ3FWQsu6sydEnkg11fYXLzhLBjeQ==",
      "dev": true,
      "bin": {
        "tsc": "bin/tsc",
        "tsserver": "bin/tsserver"
      },
      "engines": {
        "node": ">=4.2.0"
      }
    }
  },
  "dependencies": {
    "@types/mojang-minecraft": {
      "version": "0.1.2",
      "resolved": "https://registry.npmjs.org/@types/mojang-minecraft/-/mojang-minecraft-0.1.2.tgz",
      "integrity": "sha512-zY9mojpYSV/+OHdenMwO6doIOMj2YAh5lBPSmOVNuF4AcEKFt0Ncv/KSJ5G3HNXARmZ2uJIzy/MLaB8WnjcxhQ=="
    },
    "typescript": {
      "version": "4.5.3",
      "resolved": "https://registry.npmjs.org/typescript/-/typescript-4.5.3.tgz",
      "integrity": "sha512-eVYaEHALSt+s9LbvgEv4Ef+Tdq7hBiIZgii12xXJnukryt3pMgJf6aKhoCZ3FWQsu6sydEnkg11fYXLzhLBjeQ==",
      "dev": true
    }
  }
}
